PODS:
  - Masonry (1.1.0)
  - MBProgressHUD (1.2.0)
  - YCDateFilter (1.0.7):
    - Masonry (~> 1.1.0)
    - MBProgressHUD (~> 1.2.0)

DEPENDENCIES:
  - Masonry (~> 1.1.0)
  - MBProgressHUD (~> 1.2.0)
  - YCDateFilter (from `../`)

SPEC REPOS:
  trunk:
    - Masonry
    - MBProgressHUD

EXTERNAL SOURCES:
  YCDateFilter:
    :path: "../"

SPEC CHECKSUMS:
  Masonry: 678fab65091a9290e40e2832a55e7ab731aad201
  MBProgressHUD: 3ee5efcc380f6a79a7cc9b363dd669c5e1ae7406
  YCDateFilter: c178b3a89856f65313dc6a4e4045eb1c9a6dd05d

PODFILE CHECKSUM: 93414bff41e5e569ec843ec973a999cba07cf6c0

COCOAPODS: 1.15.2
